PODS:
  - FBSnapshotTestCase (2.1.4):
    - FBSnapshotTestCase/SwiftSupport (= 2.1.4)
  - FBSnapshotTestCase/Core (2.1.4)
  - FBSnapshotTestCase/SwiftSupport (2.1.4):
    - FBSnapshotTestCase/Core
  - IGNetwork (0.1.0)

DEPENDENCIES:
  - FBSnapshotTestCase
  - IGNetwork (from `../`)

SPEC REPOS:
  trunk:
    - FBSnapshotTestCase

EXTERNAL SOURCES:
  IGNetwork:
    :path: "../"

SPEC CHECKSUMS:
  FBSnapshotTestCase: 094f9f314decbabe373b87cc339bea235a63e07a
  IGNetwork: aa6cb0f5bf3c90f7071526d773e9244ea57f3124

PODFILE CHECKSUM: 6f997735c0fa23cc593b2820f708871c2675591d

COCOAPODS: 1.9.3
